// !$*UTF8*$!
{
	archiveVersion = 1;
	classes = {
	};
	objectVersion = 56;
	objects = {

/* Begin PBXBuildFile section */
		0F0FDD712BD838E800CB8865 /* Application+helper.swift in Sources */ = {isa = PBXBuildFile; fileRef = 0F0FDD702BD838E800CB8865 /* Application+helper.swift */; };
		0F0FDD732BD8514E00CB8865 /* NSPredicate+helper.swift in Sources */ = {isa = PBXBuildFile; fileRef = 0F0FDD722BD8514E00CB8865 /* NSPredicate+helper.swift */; };
		0F2CC9D82BC072B10036F5B8 /* CharacterLimitedTextEditor.swift in Sources */ = {isa = PBXBuildFile; fileRef = 0F2CC9D72BC072B10036F5B8 /* CharacterLimitedTextEditor.swift */; };
		0F33D21F2BC4A7810017D072 /* IntroView.swift in Sources */ = {isa = PBXBuildFile; fileRef = 0F33D21E2BC4A7810017D072 /* IntroView.swift */; };
		0F3F863F2BB473D2003858D8 /* AppliedApp.swift in Sources */ = {isa = PBXBuildFile; fileRef = 0F3F863E2BB473D2003858D8 /* AppliedApp.swift */; };
		0F3F86432BB473D3003858D8 /* Assets.xcassets in Resources */ = {isa = PBXBuildFile; fileRef = 0F3F86422BB473D3003858D8 /* Assets.xcassets */; };
		0F3F86462BB473D3003858D8 /* Preview Assets.xcassets in Resources */ = {isa = PBXBuildFile; fileRef = 0F3F86452BB473D3003858D8 /* Preview Assets.xcassets */; };
		0F3F86502BB473D3003858D8 /* AppliedTests.swift in Sources */ = {isa = PBXBuildFile; fileRef = 0F3F864F2BB473D3003858D8 /* AppliedTests.swift */; };
		0F3F865A2BB473D3003858D8 /* AppliedUITests.swift in Sources */ = {isa = PBXBuildFile; fileRef = 0F3F86592BB473D3003858D8 /* AppliedUITests.swift */; };
		0F3F865C2BB473D3003858D8 /* AppliedUITestsLaunchTests.swift in Sources */ = {isa = PBXBuildFile; fileRef = 0F3F865B2BB473D3003858D8 /* AppliedUITestsLaunchTests.swift */; };
		0F3F86692BB478B7003858D8 /* DataController.swift in Sources */ = {isa = PBXBuildFile; fileRef = 0F3F86682BB478B7003858D8 /* DataController.swift */; };
		0F3F866C2BB478E8003858D8 /* JobApplication.xcdatamodeld in Sources */ = {isa = PBXBuildFile; fileRef = 0F3F866A2BB478E8003858D8 /* JobApplication.xcdatamodeld */; };
		0F41A1E32BC6FC65007FD327 /* DashboardView.swift in Sources */ = {isa = PBXBuildFile; fileRef = 0F41A1E22BC6FC65007FD327 /* DashboardView.swift */; };
		0F41A1E52BC751D6007FD327 /* ApplicationCardView.swift in Sources */ = {isa = PBXBuildFile; fileRef = 0F41A1E42BC751D6007FD327 /* ApplicationCardView.swift */; };
		0F5581182BD06AC200BC011F /* UpcomingInterviewCardView.swift in Sources */ = {isa = PBXBuildFile; fileRef = 0F5581172BD06AC200BC011F /* UpcomingInterviewCardView.swift */; };
		0F55811A2BD06D1600BC011F /* ApplicationsView.swift in Sources */ = {isa = PBXBuildFile; fileRef = 0F5581192BD06D1600BC011F /* ApplicationsView.swift */; };
		0F69C8FB2BCC536800663655 /* ViewModifiers.swift in Sources */ = {isa = PBXBuildFile; fileRef = 0F69C8FA2BCC536800663655 /* ViewModifiers.swift */; };
		0F79B3DD2BDD7C5600D8BC4E /* Event+helper.swift in Sources */ = {isa = PBXBuildFile; fileRef = 0F79B3DC2BDD7C5600D8BC4E /* Event+helper.swift */; };
		0F7E8D652BD7096A00138849 /* MainView.swift in Sources */ = {isa = PBXBuildFile; fileRef = 0F7E8D642BD7096A00138849 /* MainView.swift */; };
		0F7E8D672BD7174C00138849 /* EditApplicationView.swift in Sources */ = {isa = PBXBuildFile; fileRef = 0F7E8D662BD7174C00138849 /* EditApplicationView.swift */; };
		0F7EEB612BBB4F2B0061A9C1 /* Constants.swift in Sources */ = {isa = PBXBuildFile; fileRef = 0F7EEB602BBB4F2B0061A9C1 /* Constants.swift */; };
		0FA2D8EE2BF0266900306FBC /* DateUtils.swift in Sources */ = {isa = PBXBuildFile; fileRef = 0FA2D8ED2BF0266900306FBC /* DateUtils.swift */; };
		0FA2D8F02BF1302600306FBC /* CustomButtons.swift in Sources */ = {isa = PBXBuildFile; fileRef = 0FA2D8EF2BF1302600306FBC /* CustomButtons.swift */; };
		0FA2D8F42BF1311C00306FBC /* TextFieldWithTitle.swift in Sources */ = {isa = PBXBuildFile; fileRef = 0FA2D8F32BF1311C00306FBC /* TextFieldWithTitle.swift */; };
		0FA2D8F62BF1315300306FBC /* PickerWithTitle.swift in Sources */ = {isa = PBXBuildFile; fileRef = 0FA2D8F52BF1315300306FBC /* PickerWithTitle.swift */; };
		0FA2D8FA2BF14C5000306FBC /* InfoItemWithIcon.swift in Sources */ = {isa = PBXBuildFile; fileRef = 0FA2D8F92BF14C5000306FBC /* InfoItemWithIcon.swift */; };
		0FB11D082BEEB2200090AF9D /* DateEventsView.swift in Sources */ = {isa = PBXBuildFile; fileRef = 0FB11D072BEEB2200090AF9D /* DateEventsView.swift */; };
		0FD3DC2C2BE54C2400B5CA30 /* CalendarView.swift in Sources */ = {isa = PBXBuildFile; fileRef = 0FD3DC2B2BE54C2400B5CA30 /* CalendarView.swift */; };
		0FDA548A2BE184220060C298 /* CreateEventSheet.swift in Sources */ = {isa = PBXBuildFile; fileRef = 0FDA54892BE184220060C298 /* CreateEventSheet.swift */; };
		0FDCB4D02BB47C7F00423576 /* AddNewApplicationView.swift in Sources */ = {isa = PBXBuildFile; fileRef = 0FDCB4CF2BB47C7F00423576 /* AddNewApplicationView.swift */; };
		0FDCB4D22BB4C8C900423576 /* ApplicationDetailsView.swift in Sources */ = {isa = PBXBuildFile; fileRef = 0FDCB4D12BB4C8C900423576 /* ApplicationDetailsView.swift */; };
/* End PBXBuildFile section */

/* Begin PBXContainerItemProxy section */
		0F3F864C2BB473D3003858D8 /* PBXContainerItemProxy */ = {
			isa = PBXContainerItemProxy;
			containerPortal = 0F3F86332BB473D2003858D8 /* Project object */;
			proxyType = 1;
			remoteGlobalIDString = 0F3F863A2BB473D2003858D8;
			remoteInfo = Applied;
		};
		0F3F86562BB473D3003858D8 /* PBXContainerItemProxy */ = {
			isa = PBXContainerItemProxy;
			containerPortal = 0F3F86332BB473D2003858D8 /* Project object */;
			proxyType = 1;
			remoteGlobalIDString = 0F3F863A2BB473D2003858D8;
			remoteInfo = Applied;
		};
/* End PBXContainerItemProxy section */

/* Begin PBXFileReference section */
		0F0FDD702BD838E800CB8865 /* Application+helper.swift */ = {isa = PBXFileReference; lastKnownFileType = sourcecode.swift; path = "Application+helper.swift"; sourceTree = "<group>"; };
		0F0FDD722BD8514E00CB8865 /* NSPredicate+helper.swift */ = {isa = PBXFileReference; lastKnownFileType = sourcecode.swift; path = "NSPredicate+helper.swift"; sourceTree = "<group>"; };
		0F2CC9D72BC072B10036F5B8 /* CharacterLimitedTextEditor.swift */ = {isa = PBXFileReference; lastKnownFileType = sourcecode.swift; path = CharacterLimitedTextEditor.swift; sourceTree = "<group>"; };
		0F33D21E2BC4A7810017D072 /* IntroView.swift */ = {isa = PBXFileReference; lastKnownFileType = sourcecode.swift; path = IntroView.swift; sourceTree = "<group>"; };
		0F3F863B2BB473D2003858D8 /* Applied.app */ = {isa = PBXFileReference; explicitFileType = wrapper.application; includeInIndex = 0; path = Applied.app; sourceTree = BUILT_PRODUCTS_DIR; };
		0F3F863E2BB473D2003858D8 /* AppliedApp.swift */ = {isa = PBXFileReference; lastKnownFileType = sourcecode.swift; path = AppliedApp.swift; sourceTree = "<group>"; };
		0F3F86422BB473D3003858D8 /* Assets.xcassets */ = {isa = PBXFileReference; lastKnownFileType = folder.assetcatalog; path = Assets.xcassets; sourceTree = "<group>"; };
		0F3F86452BB473D3003858D8 /* Preview Assets.xcassets */ = {isa = PBXFileReference; lastKnownFileType = folder.assetcatalog; path = "Preview Assets.xcassets"; sourceTree = "<group>"; };
		0F3F864B2BB473D3003858D8 /* AppliedTests.xctest */ = {isa = PBXFileReference; explicitFileType = wrapper.cfbundle; includeInIndex = 0; path = AppliedTests.xctest; sourceTree = BUILT_PRODUCTS_DIR; };
		0F3F864F2BB473D3003858D8 /* AppliedTests.swift */ = {isa = PBXFileReference; lastKnownFileType = sourcecode.swift; path = AppliedTests.swift; sourceTree = "<group>"; };
		0F3F86552BB473D3003858D8 /* AppliedUITests.xctest */ = {isa = PBXFileReference; explicitFileType = wrapper.cfbundle; includeInIndex = 0; path = AppliedUITests.xctest; sourceTree = BUILT_PRODUCTS_DIR; };
		0F3F86592BB473D3003858D8 /* AppliedUITests.swift */ = {isa = PBXFileReference; lastKnownFileType = sourcecode.swift; path = AppliedUITests.swift; sourceTree = "<group>"; };
		0F3F865B2BB473D3003858D8 /* AppliedUITestsLaunchTests.swift */ = {isa = PBXFileReference; lastKnownFileType = sourcecode.swift; path = AppliedUITestsLaunchTests.swift; sourceTree = "<group>"; };
		0F3F86682BB478B7003858D8 /* DataController.swift */ = {isa = PBXFileReference; lastKnownFileType = sourcecode.swift; path = DataController.swift; sourceTree = "<group>"; };
		0F3F866B2BB478E8003858D8 /* JobApplication.xcdatamodel */ = {isa = PBXFileReference; lastKnownFileType = wrapper.xcdatamodel; path = JobApplication.xcdatamodel; sourceTree = "<group>"; };
		0F41A1E22BC6FC65007FD327 /* DashboardView.swift */ = {isa = PBXFileReference; lastKnownFileType = sourcecode.swift; path = DashboardView.swift; sourceTree = "<group>"; };
		0F41A1E42BC751D6007FD327 /* ApplicationCardView.swift */ = {isa = PBXFileReference; lastKnownFileType = sourcecode.swift; path = ApplicationCardView.swift; sourceTree = "<group>"; };
		0F5581172BD06AC200BC011F /* UpcomingInterviewCardView.swift */ = {isa = PBXFileReference; lastKnownFileType = sourcecode.swift; path = UpcomingInterviewCardView.swift; sourceTree = "<group>"; };
		0F5581192BD06D1600BC011F /* ApplicationsView.swift */ = {isa = PBXFileReference; lastKnownFileType = sourcecode.swift; path = ApplicationsView.swift; sourceTree = "<group>"; };
		0F69C8FA2BCC536800663655 /* ViewModifiers.swift */ = {isa = PBXFileReference; lastKnownFileType = sourcecode.swift; path = ViewModifiers.swift; sourceTree = "<group>"; };
		0F79B3DC2BDD7C5600D8BC4E /* Event+helper.swift */ = {isa = PBXFileReference; lastKnownFileType = sourcecode.swift; path = "Event+helper.swift"; sourceTree = "<group>"; };
		0F7E8D642BD7096A00138849 /* MainView.swift */ = {isa = PBXFileReference; lastKnownFileType = sourcecode.swift; path = MainView.swift; sourceTree = "<group>"; };
		0F7E8D662BD7174C00138849 /* EditApplicationView.swift */ = {isa = PBXFileReference; lastKnownFileType = sourcecode.swift; path = EditApplicationView.swift; sourceTree = "<group>"; };
		0F7EEB602BBB4F2B0061A9C1 /* Constants.swift */ = {isa = PBXFileReference; lastKnownFileType = sourcecode.swift; path = Constants.swift; sourceTree = "<group>"; };
		0FA2D8ED2BF0266900306FBC /* DateUtils.swift */ = {isa = PBXFileReference; lastKnownFileType = sourcecode.swift; path = DateUtils.swift; sourceTree = "<group>"; };
		0FA2D8EF2BF1302600306FBC /* CustomButtons.swift */ = {isa = PBXFileReference; lastKnownFileType = sourcecode.swift; path = CustomButtons.swift; sourceTree = "<group>"; };
		0FA2D8F32BF1311C00306FBC /* TextFieldWithTitle.swift */ = {isa = PBXFileReference; lastKnownFileType = sourcecode.swift; path = TextFieldWithTitle.swift; sourceTree = "<group>"; };
		0FA2D8F52BF1315300306FBC /* PickerWithTitle.swift */ = {isa = PBXFileReference; lastKnownFileType = sourcecode.swift; path = PickerWithTitle.swift; sourceTree = "<group>"; };
		0FA2D8F92BF14C5000306FBC /* InfoItemWithIcon.swift */ = {isa = PBXFileReference; lastKnownFileType = sourcecode.swift; path = InfoItemWithIcon.swift; sourceTree = "<group>"; };
		0FB11D072BEEB2200090AF9D /* DateEventsView.swift */ = {isa = PBXFileReference; lastKnownFileType = sourcecode.swift; path = DateEventsView.swift; sourceTree = "<group>"; };
		0FD3DC2B2BE54C2400B5CA30 /* CalendarView.swift */ = {isa = PBXFileReference; lastKnownFileType = sourcecode.swift; path = CalendarView.swift; sourceTree = "<group>"; };
		0FDA54892BE184220060C298 /* CreateEventSheet.swift */ = {isa = PBXFileReference; lastKnownFileType = sourcecode.swift; path = CreateEventSheet.swift; sourceTree = "<group>"; };
		0FDCB4CF2BB47C7F00423576 /* AddNewApplicationView.swift */ = {isa = PBXFileReference; lastKnownFileType = sourcecode.swift; path = AddNewApplicationView.swift; sourceTree = "<group>"; };
		0FDCB4D12BB4C8C900423576 /* ApplicationDetailsView.swift */ = {isa = PBXFileReference; lastKnownFileType = sourcecode.swift; path = ApplicationDetailsView.swift; sourceTree = "<group>"; };
/* End PBXFileReference section */

/* Begin PBXFrameworksBuildPhase section */
		0F3F86382BB473D2003858D8 /* Frameworks */ = {
			isa = PBXFrameworksBuildPhase;
			buildActionMask = 2147483647;
			files = (
			);
			runOnlyForDeploymentPostprocessing = 0;
		};
		0F3F86482BB473D3003858D8 /* Frameworks */ = {
			isa = PBXFrameworksBuildPhase;
			buildActionMask = 2147483647;
			files = (
			);
			runOnlyForDeploymentPostprocessing = 0;
		};
		0F3F86522BB473D3003858D8 /* Frameworks */ = {
			isa = PBXFrameworksBuildPhase;
			buildActionMask = 2147483647;
			files = (
			);
			runOnlyForDeploymentPostprocessing = 0;
		};
/* End PBXFrameworksBuildPhase section */

/* Begin PBXGroup section */
		0F0FDD6F2BD838C400CB8865 /* Core Data */ = {
			isa = PBXGroup;
			children = (
				0F0FDD702BD838E800CB8865 /* Application+helper.swift */,
				0F3F86682BB478B7003858D8 /* DataController.swift */,
				0F0FDD722BD8514E00CB8865 /* NSPredicate+helper.swift */,
				0F79B3DC2BDD7C5600D8BC4E /* Event+helper.swift */,
			);
			path = "Core Data";
			sourceTree = "<group>";
		};
		0F3F86322BB473D2003858D8 = {
			isa = PBXGroup;
			children = (
				0F3F863D2BB473D2003858D8 /* Applied */,
				0F3F864E2BB473D3003858D8 /* AppliedTests */,
				0F3F86582BB473D3003858D8 /* AppliedUITests */,
				0F3F863C2BB473D2003858D8 /* Products */,
			);
			sourceTree = "<group>";
		};
		0F3F863C2BB473D2003858D8 /* Products */ = {
			isa = PBXGroup;
			children = (
				0F3F863B2BB473D2003858D8 /* Applied.app */,
				0F3F864B2BB473D3003858D8 /* AppliedTests.xctest */,
				0F3F86552BB473D3003858D8 /* AppliedUITests.xctest */,
			);
			name = Products;
			sourceTree = "<group>";
		};
		0F3F863D2BB473D2003858D8 /* Applied */ = {
			isa = PBXGroup;
			children = (
				0F3F863E2BB473D2003858D8 /* AppliedApp.swift */,
				0F7733BB2BE4043300C5B645 /* View */,
				0F0FDD6F2BD838C400CB8865 /* Core Data */,
				0FA2D8EC2BF0265400306FBC /* Helpers */,
				0F7EEB602BBB4F2B0061A9C1 /* Constants.swift */,
				0F3F866A2BB478E8003858D8 /* JobApplication.xcdatamodeld */,
				0F3F86422BB473D3003858D8 /* Assets.xcassets */,
				0F3F86442BB473D3003858D8 /* Preview Content */,
			);
			path = Applied;
			sourceTree = "<group>";
		};
		0F3F86442BB473D3003858D8 /* Preview Content */ = {
			isa = PBXGroup;
			children = (
				0F3F86452BB473D3003858D8 /* Preview Assets.xcassets */,
			);
			path = "Preview Content";
			sourceTree = "<group>";
		};
		0F3F864E2BB473D3003858D8 /* AppliedTests */ = {
			isa = PBXGroup;
			children = (
				0F3F864F2BB473D3003858D8 /* AppliedTests.swift */,
			);
			path = AppliedTests;
			sourceTree = "<group>";
		};
		0F3F86582BB473D3003858D8 /* AppliedUITests */ = {
			isa = PBXGroup;
			children = (
				0F3F86592BB473D3003858D8 /* AppliedUITests.swift */,
				0F3F865B2BB473D3003858D8 /* AppliedUITestsLaunchTests.swift */,
			);
			path = AppliedUITests;
			sourceTree = "<group>";
		};
		0F59E79A2C45EE1800B5D1C2 /* Applications */ = {
			isa = PBXGroup;
			children = (
				0F41A1E42BC751D6007FD327 /* ApplicationCardView.swift */,
				0F5581192BD06D1600BC011F /* ApplicationsView.swift */,
			);
			path = Applications;
			sourceTree = "<group>";
		};
		0F59E79B2C45EE1F00B5D1C2 /* Calendar */ = {
			isa = PBXGroup;
			children = (
				0FB11D072BEEB2200090AF9D /* DateEventsView.swift */,
				0FD3DC2B2BE54C2400B5CA30 /* CalendarView.swift */,
			);
			path = Calendar;
			sourceTree = "<group>";
		};
		0F59E79C2C45EEB500B5D1C2 /* Events */ = {
			isa = PBXGroup;
			children = (
				0FDA54892BE184220060C298 /* CreateEventSheet.swift */,
				0F5581172BD06AC200BC011F /* UpcomingInterviewCardView.swift */,
			);
			path = Events;
			sourceTree = "<group>";
		};
		0F7733BB2BE4043300C5B645 /* View */ = {
			isa = PBXGroup;
			children = (
				0F7E8D642BD7096A00138849 /* MainView.swift */,
				0F33D21E2BC4A7810017D072 /* IntroView.swift */,
				0F7733BC2BE4044E00C5B645 /* Dashboard */,
				0F7733BD2BE4049F00C5B645 /* Application */,
			);
			path = View;
			sourceTree = "<group>";
		};
		0F7733BC2BE4044E00C5B645 /* Dashboard */ = {
			isa = PBXGroup;
			children = (
				0F41A1E22BC6FC65007FD327 /* DashboardView.swift */,
				0F59E79B2C45EE1F00B5D1C2 /* Calendar */,
				0F59E79A2C45EE1800B5D1C2 /* Applications */,
			);
			path = Dashboard;
			sourceTree = "<group>";
		};
		0F7733BD2BE4049F00C5B645 /* Application */ = {
			isa = PBXGroup;
			children = (
				0F59E79C2C45EEB500B5D1C2 /* Events */,
				0FDCB4CF2BB47C7F00423576 /* AddNewApplicationView.swift */,
				0F7E8D662BD7174C00138849 /* EditApplicationView.swift */,
				0FDCB4D12BB4C8C900423576 /* ApplicationDetailsView.swift */,
			);
			path = Application;
			sourceTree = "<group>";
		};
		0FA2D8EC2BF0265400306FBC /* Helpers */ = {
			isa = PBXGroup;
			children = (
				0F69C8FA2BCC536800663655 /* ViewModifiers.swift */,
				0FA2D8F22BF1310300306FBC /* Components */,
				0FA2D8F12BF130FB00306FBC /* Methods */,
			);
			path = Helpers;
			sourceTree = "<group>";
		};
		0FA2D8F12BF130FB00306FBC /* Methods */ = {
			isa = PBXGroup;
			children = (
				0FA2D8ED2BF0266900306FBC /* DateUtils.swift */,
			);
			path = Methods;
			sourceTree = "<group>";
		};
		0FA2D8F22BF1310300306FBC /* Components */ = {
			isa = PBXGroup;
			children = (
				0F2CC9D72BC072B10036F5B8 /* CharacterLimitedTextEditor.swift */,
				0FA2D8EF2BF1302600306FBC /* CustomButtons.swift */,
				0FA2D8F32BF1311C00306FBC /* TextFieldWithTitle.swift */,
				0FA2D8F52BF1315300306FBC /* PickerWithTitle.swift */,
				0FA2D8F92BF14C5000306FBC /* InfoItemWithIcon.swift */,
			);
			path = Components;
			sourceTree = "<group>";
		};
/* End PBXGroup section */

/* Begin PBXNativeTarget section */
		0F3F863A2BB473D2003858D8 /* Applied */ = {
			isa = PBXNativeTarget;
			buildConfigurationList = 0F3F865F2BB473D3003858D8 /* Build configuration list for PBXNativeTarget "Applied" */;
			buildPhases = (
				0F3F86372BB473D2003858D8 /* Sources */,
				0F3F86382BB473D2003858D8 /* Frameworks */,
				0F3F86392BB473D2003858D8 /* Resources */,
			);
			buildRules = (
			);
			dependencies = (
			);
			name = Applied;
			productName = Applied;
			productReference = 0F3F863B2BB473D2003858D8 /* Applied.app */;
			productType = "com.apple.product-type.application";
		};
		0F3F864A2BB473D3003858D8 /* AppliedTests */ = {
			isa = PBXNativeTarget;
			buildConfigurationList = 0F3F86622BB473D3003858D8 /* Build configuration list for PBXNativeTarget "AppliedTests" */;
			buildPhases = (
				0F3F86472BB473D3003858D8 /* Sources */,
				0F3F86482BB473D3003858D8 /* Frameworks */,
				0F3F86492BB473D3003858D8 /* Resources */,
			);
			buildRules = (
			);
			dependencies = (
				0F3F864D2BB473D3003858D8 /* PBXTargetDependency */,
			);
			name = AppliedTests;
			productName = AppliedTests;
			productReference = 0F3F864B2BB473D3003858D8 /* AppliedTests.xctest */;
			productType = "com.apple.product-type.bundle.unit-test";
		};
		0F3F86542BB473D3003858D8 /* AppliedUITests */ = {
			isa = PBXNativeTarget;
			buildConfigurationList = 0F3F86652BB473D3003858D8 /* Build configuration list for PBXNativeTarget "AppliedUITests" */;
			buildPhases = (
				0F3F86512BB473D3003858D8 /* Sources */,
				0F3F86522BB473D3003858D8 /* Frameworks */,
				0F3F86532BB473D3003858D8 /* Resources */,
			);
			buildRules = (
			);
			dependencies = (
				0F3F86572BB473D3003858D8 /* PBXTargetDependency */,
			);
			name = AppliedUITests;
			productName = AppliedUITests;
			productReference = 0F3F86552BB473D3003858D8 /* AppliedUITests.xctest */;
			productType = "com.apple.product-type.bundle.ui-testing";
		};
/* End PBXNativeTarget section */

/* Begin PBXProject section */
		0F3F86332BB473D2003858D8 /* Project object */ = {
			isa = PBXProject;
			attributes = {
				BuildIndependentTargetsInParallel = 1;
				LastSwiftUpdateCheck = 1530;
				LastUpgradeCheck = 1530;
				TargetAttributes = {
					0F3F863A2BB473D2003858D8 = {
						CreatedOnToolsVersion = 15.3;
					};
					0F3F864A2BB473D3003858D8 = {
						CreatedOnToolsVersion = 15.3;
						TestTargetID = 0F3F863A2BB473D2003858D8;
					};
					0F3F86542BB473D3003858D8 = {
						CreatedOnToolsVersion = 15.3;
						TestTargetID = 0F3F863A2BB473D2003858D8;
					};
				};
			};
			buildConfigurationList = 0F3F86362BB473D2003858D8 /* Build configuration list for PBXProject "Applied" */;
			compatibilityVersion = "Xcode 14.0";
			developmentRegion = en;
			hasScannedForEncodings = 0;
			knownRegions = (
				en,
				Base,
			);
			mainGroup = 0F3F86322BB473D2003858D8;
			productRefGroup = 0F3F863C2BB473D2003858D8 /* Products */;
			projectDirPath = "";
			projectRoot = "";
			targets = (
				0F3F863A2BB473D2003858D8 /* Applied */,
				0F3F864A2BB473D3003858D8 /* AppliedTests */,
				0F3F86542BB473D3003858D8 /* AppliedUITests */,
			);
		};
/* End PBXProject section */

/* Begin PBXResourcesBuildPhase section */
		0F3F86392BB473D2003858D8 /* Resources */ = {
			isa = PBXResourcesBuildPhase;
			buildActionMask = 2147483647;
			files = (
				0F3F86462BB473D3003858D8 /* Preview Assets.xcassets in Resources */,
				0F3F86432BB473D3003858D8 /* Assets.xcassets in Resources */,
			);
			runOnlyForDeploymentPostprocessing = 0;
		};
		0F3F86492BB473D3003858D8 /* Resources */ = {
			isa = PBXResourcesBuildPhase;
			buildActionMask = 2147483647;
			files = (
			);
			runOnlyForDeploymentPostprocessing = 0;
		};
		0F3F86532BB473D3003858D8 /* Resources */ = {
			isa = PBXResourcesBuildPhase;
			buildActionMask = 2147483647;
			files = (
			);
			runOnlyForDeploymentPostprocessing = 0;
		};
/* End PBXResourcesBuildPhase section */

/* Begin PBXSourcesBuildPhase section */
		0F3F86372BB473D2003858D8 /* Sources */ = {
			isa = PBXSourcesBuildPhase;
			buildActionMask = 2147483647;
			files = (
				0FA2D8F02BF1302600306FBC /* CustomButtons.swift in Sources */,
				0FDCB4D02BB47C7F00423576 /* AddNewApplicationView.swift in Sources */,
				0FB11D082BEEB2200090AF9D /* DateEventsView.swift in Sources */,
				0F0FDD712BD838E800CB8865 /* Application+helper.swift in Sources */,
				0F2CC9D82BC072B10036F5B8 /* CharacterLimitedTextEditor.swift in Sources */,
				0FA2D8FA2BF14C5000306FBC /* InfoItemWithIcon.swift in Sources */,
				0F3F86692BB478B7003858D8 /* DataController.swift in Sources */,
				0FDA548A2BE184220060C298 /* CreateEventSheet.swift in Sources */,
				0FA2D8EE2BF0266900306FBC /* DateUtils.swift in Sources */,
				0FD3DC2C2BE54C2400B5CA30 /* CalendarView.swift in Sources */,
				0F79B3DD2BDD7C5600D8BC4E /* Event+helper.swift in Sources */,
				0F3F866C2BB478E8003858D8 /* JobApplication.xcdatamodeld in Sources */,
				0F0FDD732BD8514E00CB8865 /* NSPredicate+helper.swift in Sources */,
				0F41A1E32BC6FC65007FD327 /* DashboardView.swift in Sources */,
				0F3F863F2BB473D2003858D8 /* AppliedApp.swift in Sources */,
				0F5581182BD06AC200BC011F /* UpcomingInterviewCardView.swift in Sources */,
				0F33D21F2BC4A7810017D072 /* IntroView.swift in Sources */,
				0FA2D8F62BF1315300306FBC /* PickerWithTitle.swift in Sources */,
				0F7E8D672BD7174C00138849 /* EditApplicationView.swift in Sources */,
				0F41A1E52BC751D6007FD327 /* ApplicationCardView.swift in Sources */,
				0FA2D8F42BF1311C00306FBC /* TextFieldWithTitle.swift in Sources */,
				0F69C8FB2BCC536800663655 /* ViewModifiers.swift in Sources */,
				0FDCB4D22BB4C8C900423576 /* ApplicationDetailsView.swift in Sources */,
				0F55811A2BD06D1600BC011F /* ApplicationsView.swift in Sources */,
				0F7E8D652BD7096A00138849 /* MainView.swift in Sources */,
				0F7EEB612BBB4F2B0061A9C1 /* Constants.swift in Sources */,
			);
			runOnlyForDeploymentPostprocessing = 0;
		};
		0F3F86472BB473D3003858D8 /* Sources */ = {
			isa = PBXSourcesBuildPhase;
			buildActionMask = 2147483647;
			files = (
				0F3F86502BB473D3003858D8 /* AppliedTests.swift in Sources */,
			);
			runOnlyForDeploymentPostprocessing = 0;
		};
		0F3F86512BB473D3003858D8 /* Sources */ = {
			isa = PBXSourcesBuildPhase;
			buildActionMask = 2147483647;
			files = (
				0F3F865C2BB473D3003858D8 /* AppliedUITestsLaunchTests.swift in Sources */,
				0F3F865A2BB473D3003858D8 /* AppliedUITests.swift in Sources */,
			);
			runOnlyForDeploymentPostprocessing = 0;
		};
/* End PBXSourcesBuildPhase section */

/* Begin PBXTargetDependency section */
		0F3F864D2BB473D3003858D8 /* PBXTargetDependency */ = {
			isa = PBXTargetDependency;
			target = 0F3F863A2BB473D2003858D8 /* Applied */;
			targetProxy = 0F3F864C2BB473D3003858D8 /* PBXContainerItemProxy */;
		};
		0F3F86572BB473D3003858D8 /* PBXTargetDependency */ = {
			isa = PBXTargetDependency;
			target = 0F3F863A2BB473D2003858D8 /* Applied */;
			targetProxy = 0F3F86562BB473D3003858D8 /* PBXContainerItemProxy */;
		};
/* End PBXTargetDependency section */

/* Begin XCBuildConfiguration section */
		0F3F865D2BB473D3003858D8 /* Debug */ = {
			isa = XCBuildConfiguration;
			buildSettings = {
				ALWAYS_SEARCH_USER_PATHS = NO;
				ASSETCATALOG_COMPILER_GENERATE_SWIFT_ASSET_SYMBOL_EXTENSIONS = YES;
				CLANG_ANALYZER_NONNULL = YES;
				CLANG_ANALYZER_NUMBER_OBJECT_CONVERSION = YES_AGGRESSIVE;
				CLANG_CXX_LANGUAGE_STANDARD = "gnu++20";
				CLANG_ENABLE_MODULES = YES;
				CLANG_ENABLE_OBJC_ARC = YES;
				CLANG_ENABLE_OBJC_WEAK = YES;
				CLANG_WARN_BLOCK_CAPTURE_AUTORELEASING = YES;
				CLANG_WARN_BOOL_CONVERSION = YES;
				CLANG_WARN_COMMA = YES;
				CLANG_WARN_CONSTANT_CONVERSION = YES;
				CLANG_WARN_DEPRECATED_OBJC_IMPLEMENTATIONS = YES;
				CLANG_WARN_DIRECT_OBJC_ISA_USAGE = YES_ERROR;
				CLANG_WARN_DOCUMENTATION_COMMENTS = YES;
				CLANG_WARN_EMPTY_BODY = YES;
				CLANG_WARN_ENUM_CONVERSION = YES;
				CLANG_WARN_INFINITE_RECURSION = YES;
				CLANG_WARN_INT_CONVERSION = YES;
				CLANG_WARN_NON_LITERAL_NULL_CONVERSION = YES;
				CLANG_WARN_OBJC_IMPLICIT_RETAIN_SELF = YES;
				CLANG_WARN_OBJC_LITERAL_CONVERSION = YES;
				CLANG_WARN_OBJC_ROOT_CLASS = YES_ERROR;
				CLANG_WARN_QUOTED_INCLUDE_IN_FRAMEWORK_HEADER = YES;
				CLANG_WARN_RANGE_LOOP_ANALYSIS = YES;
				CLANG_WARN_STRICT_PROTOTYPES = YES;
				CLANG_WARN_SUSPICIOUS_MOVE = YES;
				CLANG_WARN_UNGUARDED_AVAILABILITY = YES_AGGRESSIVE;
				CLANG_WARN_UNREACHABLE_CODE = YES;
				CLANG_WARN__DUPLICATE_METHOD_MATCH = YES;
				COPY_PHASE_STRIP = NO;
				DEBUG_INFORMATION_FORMAT = dwarf;
				ENABLE_STRICT_OBJC_MSGSEND = YES;
				ENABLE_TESTABILITY = YES;
				ENABLE_USER_SCRIPT_SANDBOXING = YES;
				GCC_C_LANGUAGE_STANDARD = gnu17;
				GCC_DYNAMIC_NO_PIC = NO;
				GCC_NO_COMMON_BLOCKS = YES;
				GCC_OPTIMIZATION_LEVEL = 0;
				GCC_PREPROCESSOR_DEFINITIONS = (
					"DEBUG=1",
					"$(inherited)",
				);
				GCC_WARN_64_TO_32_BIT_CONVERSION = YES;
				GCC_WARN_ABOUT_RETURN_TYPE = YES_ERROR;
				GCC_WARN_UNDECLARED_SELECTOR = YES;
				GCC_WARN_UNINITIALIZED_AUTOS = YES_AGGRESSIVE;
				GCC_WARN_UNUSED_FUNCTION = YES;
				GCC_WARN_UNUSED_VARIABLE = YES;
				IPHONEOS_DEPLOYMENT_TARGET = 17.4;
				LOCALIZATION_PREFERS_STRING_CATALOGS = YES;
				MTL_ENABLE_DEBUG_INFO = INCLUDE_SOURCE;
				MTL_FAST_MATH = YES;
				ONLY_ACTIVE_ARCH = YES;
				SDKROOT = iphoneos;
				SWIFT_ACTIVE_COMPILATION_CONDITIONS = "DEBUG $(inherited)";
				SWIFT_OPTIMIZATION_LEVEL = "-Onone";
			};
			name = Debug;
		};
		0F3F865E2BB473D3003858D8 /* Release */ = {
			isa = XCBuildConfiguration;
			buildSettings = {
				ALWAYS_SEARCH_USER_PATHS = NO;
				ASSETCATALOG_COMPILER_GENERATE_SWIFT_ASSET_SYMBOL_EXTENSIONS = YES;
				CLANG_ANALYZER_NONNULL = YES;
				CLANG_ANALYZER_NUMBER_OBJECT_CONVERSION = YES_AGGRESSIVE;
				CLANG_CXX_LANGUAGE_STANDARD = "gnu++20";
				CLANG_ENABLE_MODULES = YES;
				CLANG_ENABLE_OBJC_ARC = YES;
				CLANG_ENABLE_OBJC_WEAK = YES;
				CLANG_WARN_BLOCK_CAPTURE_AUTORELEASING = YES;
				CLANG_WARN_BOOL_CONVERSION = YES;
				CLANG_WARN_COMMA = YES;
				CLANG_WARN_CONSTANT_CONVERSION = YES;
				CLANG_WARN_DEPRECATED_OBJC_IMPLEMENTATIONS = YES;
				CLANG_WARN_DIRECT_OBJC_ISA_USAGE = YES_ERROR;
				CLANG_WARN_DOCUMENTATION_COMMENTS = YES;
				CLANG_WARN_EMPTY_BODY = YES;
				CLANG_WARN_ENUM_CONVERSION = YES;
				CLANG_WARN_INFINITE_RECURSION = YES;
				CLANG_WARN_INT_CONVERSION = YES;
				CLANG_WARN_NON_LITERAL_NULL_CONVERSION = YES;
				CLANG_WARN_OBJC_IMPLICIT_RETAIN_SELF = YES;
				CLANG_WARN_OBJC_LITERAL_CONVERSION = YES;
				CLANG_WARN_OBJC_ROOT_CLASS = YES_ERROR;
				CLANG_WARN_QUOTED_INCLUDE_IN_FRAMEWORK_HEADER = YES;
				CLANG_WARN_RANGE_LOOP_ANALYSIS = YES;
				CLANG_WARN_STRICT_PROTOTYPES = YES;
				CLANG_WARN_SUSPICIOUS_MOVE = YES;
				CLANG_WARN_UNGUARDED_AVAILABILITY = YES_AGGRESSIVE;
				CLANG_WARN_UNREACHABLE_CODE = YES;
				CLANG_WARN__DUPLICATE_METHOD_MATCH = YES;
				COPY_PHASE_STRIP = NO;
				DEBUG_INFORMATION_FORMAT = "dwarf-with-dsym";
				ENABLE_NS_ASSERTIONS = NO;
				ENABLE_STRICT_OBJC_MSGSEND = YES;
				ENABLE_USER_SCRIPT_SANDBOXING = YES;
				GCC_C_LANGUAGE_STANDARD = gnu17;
				GCC_NO_COMMON_BLOCKS = YES;
				GCC_WARN_64_TO_32_BIT_CONVERSION = YES;
				GCC_WARN_ABOUT_RETURN_TYPE = YES_ERROR;
				GCC_WARN_UNDECLARED_SELECTOR = YES;
				GCC_WARN_UNINITIALIZED_AUTOS = YES_AGGRESSIVE;
				GCC_WARN_UNUSED_FUNCTION = YES;
				GCC_WARN_UNUSED_VARIABLE = YES;
				IPHONEOS_DEPLOYMENT_TARGET = 17.4;
				LOCALIZATION_PREFERS_STRING_CATALOGS = YES;
				MTL_ENABLE_DEBUG_INFO = NO;
				MTL_FAST_MATH = YES;
				SDKROOT = iphoneos;
				SWIFT_COMPILATION_MODE = wholemodule;
				VALIDATE_PRODUCT = YES;
			};
			name = Release;
		};
		0F3F86602BB473D3003858D8 /* Debug */ = {
			isa = XCBuildConfiguration;
			buildSettings = {
				ASSETCATALOG_COMPILER_APPICON_NAME = AppIcon;
				ASSETCATALOG_COMPILER_GLOBAL_ACCENT_COLOR_NAME = AccentColor;
				CODE_SIGN_STYLE = Automatic;
				CURRENT_PROJECT_VERSION = 1;
				DEVELOPMENT_ASSET_PATHS = "\"Applied/Preview Content\"";
				DEVELOPMENT_TEAM = 66MQ5QVH5G;
				ENABLE_PREVIEWS = YES;
				GENERATE_INFOPLIST_FILE = YES;
				INFOPLIST_KEY_UIApplicationSceneManifest_Generation = YES;
				INFOPLIST_KEY_UIApplicationSupportsIndirectInputEvents = YES;
				INFOPLIST_KEY_UILaunchScreen_Generation = YES;
				INFOPLIST_KEY_UISupportedInterfaceOrientations_iPad = "UIInterfaceOrientationPortrait UIInterfaceOrientationPortraitUpsideDown UIInterfaceOrientationLandscapeLeft UIInterfaceOrientationLandscapeRight";
				INFOPLIST_KEY_UISupportedInterfaceOrientations_iPhone = "UIInterfaceOrientationPortrait UIInterfaceOrientationLandscapeLeft UIInterfaceOrientationLandscapeRight";
				IPHONEOS_DEPLOYMENT_TARGET = 17.0;
				LD_RUNPATH_SEARCH_PATHS = (
					"$(inherited)",
					"@executable_path/Frameworks",
				);
				MARKETING_VERSION = 1.0;
				PRODUCT_BUNDLE_IDENTIFIER = com.neginzahedi.Applied;
				PRODUCT_NAME = "$(TARGET_NAME)";
				SUPPORTED_PLATFORMS = "iphoneos iphonesimulator";
				SUPPORTS_MACCATALYST = NO;
				SUPPORTS_MAC_DESIGNED_FOR_IPHONE_IPAD = NO;
				SUPPORTS_XR_DESIGNED_FOR_IPHONE_IPAD = NO;
				SWIFT_EMIT_LOC_STRINGS = YES;
				SWIFT_VERSION = 5.0;
				TARGETED_DEVICE_FAMILY = 1;
			};
			name = Debug;
		};
		0F3F86612BB473D3003858D8 /* Release */ = {
			isa = XCBuildConfiguration;
			buildSettings = {
				ASSETCATALOG_COMPILER_APPICON_NAME = AppIcon;
				ASSETCATALOG_COMPILER_GLOBAL_ACCENT_COLOR_NAME = AccentColor;
				CODE_SIGN_STYLE = Automatic;
				CURRENT_PROJECT_VERSION = 1;
				DEVELOPMENT_ASSET_PATHS = "\"Applied/Preview Content\"";
				DEVELOPMENT_TEAM = 66MQ5QVH5G;
				ENABLE_PREVIEWS = YES;
				GENERATE_INFOPLIST_FILE = YES;
				INFOPLIST_KEY_UIApplicationSceneManifest_Generation = YES;
				INFOPLIST_KEY_UIApplicationSupportsIndirectInputEvents = YES;
				INFOPLIST_KEY_UILaunchScreen_Generation = YES;
				INFOPLIST_KEY_UISupportedInterfaceOrientations_iPad = "UIInterfaceOrientationPortrait UIInterfaceOrientationPortraitUpsideDown UIInterfaceOrientationLandscapeLeft UIInterfaceOrientationLandscapeRight";
				INFOPLIST_KEY_UISupportedInterfaceOrientations_iPhone = "UIInterfaceOrientationPortrait UIInterfaceOrientationLandscapeLeft UIInterfaceOrientationLandscapeRight";
				IPHONEOS_DEPLOYMENT_TARGET = 17.0;
				LD_RUNPATH_SEARCH_PATHS = (
					"$(inherited)",
					"@executable_path/Frameworks",
				);
				MARKETING_VERSION = 1.0;
				PRODUCT_BUNDLE_IDENTIFIER = com.neginzahedi.Applied;
				PRODUCT_NAME = "$(TARGET_NAME)";
				SUPPORTED_PLATFORMS = "iphoneos iphonesimulator";
				SUPPORTS_MACCATALYST = NO;
				SUPPORTS_MAC_DESIGNED_FOR_IPHONE_IPAD = NO;
				SUPPORTS_XR_DESIGNED_FOR_IPHONE_IPAD = NO;
				SWIFT_EMIT_LOC_STRINGS = YES;
				SWIFT_VERSION = 5.0;
				TARGETED_DEVICE_FAMILY = 1;
			};
			name = Release;
		};
		0F3F86632BB473D3003858D8 /* Debug */ = {
			isa = XCBuildConfiguration;
			buildSettings = {
				ALWAYS_EMBED_SWIFT_STANDARD_LIBRARIES = YES;
				BUNDLE_LOADER = "$(TEST_HOST)";
				CODE_SIGN_STYLE = Automatic;
				CURRENT_PROJECT_VERSION = 1;
				DEVELOPMENT_TEAM = 66MQ5QVH5G;
				GENERATE_INFOPLIST_FILE = YES;
				IPHONEOS_DEPLOYMENT_TARGET = 17.4;
				MARKETING_VERSION = 1.0;
				PRODUCT_BUNDLE_IDENTIFIER = com.neginzahedi.AppliedTests;
				PRODUCT_NAME = "$(TARGET_NAME)";
				SWIFT_EMIT_LOC_STRINGS = NO;
				SWIFT_VERSION = 5.0;
				TARGETED_DEVICE_FAMILY = "1,2";
				TEST_HOST = "$(BUILT_PRODUCTS_DIR)/Applied.app/$(BUNDLE_EXECUTABLE_FOLDER_PATH)/Applied";
			};
			name = Debug;
		};
		0F3F86642BB473D3003858D8 /* Release */ = {
			isa = XCBuildConfiguration;
			buildSettings = {
				ALWAYS_EMBED_SWIFT_STANDARD_LIBRARIES = YES;
				BUNDLE_LOADER = "$(TEST_HOST)";
				CODE_SIGN_STYLE = Automatic;
				CURRENT_PROJECT_VERSION = 1;
				DEVELOPMENT_TEAM = 66MQ5QVH5G;
				GENERATE_INFOPLIST_FILE = YES;
				IPHONEOS_DEPLOYMENT_TARGET = 17.4;
				MARKETING_VERSION = 1.0;
				PRODUCT_BUNDLE_IDENTIFIER = com.neginzahedi.AppliedTests;
				PRODUCT_NAME = "$(TARGET_NAME)";
				SWIFT_EMIT_LOC_STRINGS = NO;
				SWIFT_VERSION = 5.0;
				TARGETED_DEVICE_FAMILY = "1,2";
				TEST_HOST = "$(BUILT_PRODUCTS_DIR)/Applied.app/$(BUNDLE_EXECUTABLE_FOLDER_PATH)/Applied";
			};
			name = Release;
		};
		0F3F86662BB473D3003858D8 /* Debug */ = {
			isa = XCBuildConfiguration;
			buildSettings = {
				ALWAYS_EMBED_SWIFT_STANDARD_LIBRARIES = YES;
				CODE_SIGN_STYLE = Automatic;
				CURRENT_PROJECT_VERSION = 1;
				DEVELOPMENT_TEAM = 66MQ5QVH5G;
				GENERATE_INFOPLIST_FILE = YES;
				MARKETING_VERSION = 1.0;
				PRODUCT_BUNDLE_IDENTIFIER = com.neginzahedi.AppliedUITests;
				PRODUCT_NAME = "$(TARGET_NAME)";
				SWIFT_EMIT_LOC_STRINGS = NO;
				SWIFT_VERSION = 5.0;
				TARGETED_DEVICE_FAMILY = "1,2";
				TEST_TARGET_NAME = Applied;
			};
			name = Debug;
		};
		0F3F86672BB473D3003858D8 /* Release */ = {
			isa = XCBuildConfiguration;
			buildSettings = {
				ALWAYS_EMBED_SWIFT_STANDARD_LIBRARIES = YES;
				CODE_SIGN_STYLE = Automatic;
				CURRENT_PROJECT_VERSION = 1;
				DEVELOPMENT_TEAM = 66MQ5QVH5G;
				GENERATE_INFOPLIST_FILE = YES;
				MARKETING_VERSION = 1.0;
				PRODUCT_BUNDLE_IDENTIFIER = com.neginzahedi.AppliedUITests;
				PRODUCT_NAME = "$(TARGET_NAME)";
				SWIFT_EMIT_LOC_STRINGS = NO;
				SWIFT_VERSION = 5.0;
				TARGETED_DEVICE_FAMILY = "1,2";
				TEST_TARGET_NAME = Applied;
			};
			name = Release;
		};
/* End XCBuildConfiguration section */

/* Begin XCConfigurationList section */
		0F3F86362BB473D2003858D8 /* Build configuration list for PBXProject "Applied" */ = {
			isa = XCConfigurationList;
			buildConfigurations = (
				0F3F865D2BB473D3003858D8 /* Debug */,
				0F3F865E2BB473D3003858D8 /* Release */,
			);
			defaultConfigurationIsVisible = 0;
			defaultConfigurationName = Release;
		};
		0F3F865F2BB473D3003858D8 /* Build configuration list for PBXNativeTarget "Applied" */ = {
			isa = XCConfigurationList;
			buildConfigurations = (
				0F3F86602BB473D3003858D8 /* Debug */,
				0F3F86612BB473D3003858D8 /* Release */,
			);
			defaultConfigurationIsVisible = 0;
			defaultConfigurationName = Release;
		};
		0F3F86622BB473D3003858D8 /* Build configuration list for PBXNativeTarget "AppliedTests" */ = {
			isa = XCConfigurationList;
			buildConfigurations = (
				0F3F86632BB473D3003858D8 /* Debug */,
				0F3F86642BB473D3003858D8 /* Release */,
			);
			defaultConfigurationIsVisible = 0;
			defaultConfigurationName = Release;
		};
		0F3F86652BB473D3003858D8 /* Build configuration list for PBXNativeTarget "AppliedUITests" */ = {
			isa = XCConfigurationList;
			buildConfigurations = (
				0F3F86662BB473D3003858D8 /* Debug */,
				0F3F86672BB473D3003858D8 /* Release */,
			);
			defaultConfigurationIsVisible = 0;
			defaultConfigurationName = Release;
		};
/* End XCConfigurationList section */

/* Begin XCVersionGroup section */
		0F3F866A2BB478E8003858D8 /* JobApplication.xcdatamodeld */ = {
			isa = XCVersionGroup;
			children = (
				0F3F866B2BB478E8003858D8 /* JobApplication.xcdatamodel */,
			);
			currentVersion = 0F3F866B2BB478E8003858D8 /* JobApplication.xcdatamodel */;
			path = JobApplication.xcdatamodeld;
			sourceTree = "<group>";
			versionGroupType = wrapper.xcdatamodel;
		};
/* End XCVersionGroup section */
	};
	rootObject = 0F3F86332BB473D2003858D8 /* Project object */;
}
